
Microsoft Visual Studio Solution File, Format Version 12.00
# Visual Studio Version 17
VisualStudioVersion = 17.14.36121.58 d17.14
MinimumVisualStudioVersion = 10.0.40219.1
Project("{00D1A9C2-B5F0-4AF3-8072-F6C62B433612}") = "TF_202506_FSDevDotNet2.ADO", "TF_202506_FSDevDotNet2.ADO\TF_202506_FSDevDotNet2.ADO.sqlproj", "{AFE84CCB-6D09-4723-A07A-5D2D7A27C64E}"
EndProject
Global
	GlobalSection(SolutionConfigurationPlatforms) = preSolution
		Debug|Any CPU = Debug|Any CPU
		Release|Any CPU = Release|Any CPU
	EndGlobalSection
	GlobalSection(ProjectConfigurationPlatforms) = postSolution
		{AFE84CCB-6D09-4723-A07A-5D2D7A27C64E}.Debug|Any CPU.ActiveCfg = Debug|Any CPU
		{AFE84CCB-6D09-4723-A07A-5D2D7A27C64E}.Debug|Any CPU.Build.0 = Debug|Any CPU
		{AFE84CCB-6D09-4723-A07A-5D2D7A27C64E}.Debug|Any CPU.Deploy.0 = Debug|Any CPU
		{AFE84CCB-6D09-4723-A07A-5D2D7A27C64E}.Release|Any CPU.ActiveCfg = Release|Any CPU
		{AFE84CCB-6D09-4723-A07A-5D2D7A27C64E}.Release|Any CPU.Build.0 = Release|Any CPU
		{AFE84CCB-6D09-4723-A07A-5D2D7A27C64E}.Release|Any CPU.Deploy.0 = Release|Any CPU
	EndGlobalSection
	GlobalSection(SolutionProperties) = preSolution
		HideSolutionNode = FALSE
	EndGlobalSection
	GlobalSection(ExtensibilityGlobals) = postSolution
		SolutionGuid = {35EB01C0-944A-4150-A261-89B5AE19B5B8}
	EndGlobalSection
EndGlobal
